
Microsoft Visual Studio Solution File, Format Version 12.00
# Visual Studio 15
VisualStudioVersion = 15.0.27130.2027
MinimumVisualStudioVersion = 10.0.40219.1
Project("{FAE04EC0-301F-11D3-BF4B-00C04F79EFBC}") = "mein-erstes", "mein-erstes\mein-erstes.csproj", "{4129EE03-2D33-48B1-971D-3AF30C929D24}"
EndProject
Global
	GlobalSection(SolutionConfigurationPlatforms) = preSolution
		Debug|Any CPU = Debug|Any CPU
		Release|Any CPU = Release|Any CPU
	EndGlobalSection
	GlobalSection(ProjectConfigurationPlatforms) = postSolution
		{4129EE03-2D33-48B1-971D-3AF30C929D24}.Debug|Any CPU.ActiveCfg = Debug|Any CPU
		{4129EE03-2D33-48B1-971D-3AF30C929D24}.Debug|Any CPU.Build.0 = Debug|Any CPU
		{4129EE03-2D33-48B1-971D-3AF30C929D24}.Release|Any CPU.ActiveCfg = Release|Any CPU
		{4129EE03-2D33-48B1-971D-3AF30C929D24}.Release|Any CPU.Build.0 = Release|Any CPU
	EndGlobalSection
	GlobalSection(SolutionProperties) = preSolution
		HideSolutionNode = FALSE
	EndGlobalSection
	GlobalSection(ExtensibilityGlobals) = postSolution
		SolutionGuid = {15435079-AA34-4762-97BB-7BA72F0D9EB4}
	EndGlobalSection
EndGlobal
